dependencies:
- name: postgresql
  repository: https://charts.bitnami.com/bitnami
  version: 15.0.0
- name: redis
  repository: https://charts.bitnami.com/bitnami
  version: 19.0.2
digest: sha256:e455e4f990dc6c0abd81ce30922985d43e062ab28ad00452ca8a5beaf35e05b9
generated: "2026-04-13T19:40:38.46271+03:00"
