github.com/beorn7/perks v1.0.1 h1:VlbKKnN8v/7OsJAd3ksbZyFQa794jC+Dl2tTQhL6a7Y=
github.com/beorn7/perks v1.0.1/go.mod h1:G2ZrVWU2WbWT9wqywrNyU7QI4cX2F2UAOv9CkU3sZ4S5w=
github.com/cespare/xxhash/v2 v2.2.0 h1:DC2CZ1Ep5Y4k3ZQm997Ds4/UnDeS2MuTPwR0qgVIGc=
github.com/cespare/xxhash/v2 v2.2.0/go.mod h1:VGX0DQ3Q6kWi7AoAeZDthMH/j1Fn9RuSku3/lJ+jw=
github.com/dgryski/go-rendezvous v0.0.0-20200823014737-9f7001d12a5f h1:lO4WD4F/rVNCsq3FFUrm4n2sU5aANWJpV+/wsXJr0M=
github.com/dgryski/go-rendezvous v0.0.0-20200823014737-9f7001d12a5f/go.mod h1:cuUVRXasLTGF7a8hSLbxyZXjz+1KgoB3wDUb6JlsTso=
github.com/go-redis/redis/v8 v8.11.5 h1:AcZZR7BkDy7xgfBCx7WSg72Q5O3cNfKeBzHly0dY+I=
github.com/go-redis/redis/v8 v8.11.5/go.mod h1:gREzHqY1hg6oD9ngVRsE4bH+ii2t3Lwhxj3YF5Nk9E=
github.com/golang/protobuf v1.5.3 h1:KhyjKVUg7Usr/dYsdSqoEjePE0f16VRZrepXcd+HA+Jc=
github.com/golang/protobuf v1.5.3/go.mod h1:XVQd3VNwM+JqD3oG2Ue2ip4fOMUkwXdXDdiuN0vRsmY=
github.com/google/uuid v1.4.0 h1:MtLx1jtDfMm7IY0E2UEdbqr5vUcwE7a6mZt4hOEN9pA=
github.com/google/uuid v1.4.0/go.mod h1:TIyPZe4MgqvfeYDBFedMoGGpEw/LqOeaOT+nhxU+yHo=
github.com/matttproud/golang_protobuf_extensions v1.0.4 h1:mmDVorXM+PCgLnVvDqJv19N5DvU++9TjyEuphXQk8=
github.com/matttproud/golang_protobuf_extensions v1.0.4/go.mod h1:BSXmuOwNnHzcrjDuaLUkyf8+6/p6dGbvnRbls5LqCE=
github.com/prometheus/client_golang v1.17.0 h1:rl2sfwZMtSthXU7Q1NLYC2vFXA2YxQKjI0ZyBExs9I=
github.com/prometheus/client_golang v1.17.0/go.mod h1:VeL9gNmQ9UfD4hxsUu9gR+vxKBxjwBeCK4L2LrfuaJh8=
github.com/prometheus/client_model v0.4.0 h1:5lQXD3g9t1OXKxixSzhIjQcVO6fcPcRr8Qeupc2kU0=
github.com/prometheus/client_model v0.4.0/go.mod h1:y8SHvYK8yHQY4w1EmOy/SbwrJt1gHLguVvJ8Zq4gXSM=
github.com/prometheus/common v0.44.0 h1:5oG9c5JgEYxAgObRJraF2c9a1Zl0tJk8a4uWdVJQa4=
github.com/prometheus/common v0.44.0/go.mod h1:ofEBvGEHl18qM1ED4Nv4Z7E6BkYzOlnOlQY5hD4K4M=
github.com/prometheus/procfs v0.11.1 h1:xRCnwIji8R1IfbJp0z9uIyay4PEcWJc6p6J0bTmX2c=
github.com/prometheus/procfs v0.11.1/go.mod h1:cz+wT0Pb8l/OHZtI/AG2vrGA1HKBSQx05UupdykfsT8=
github.com/sirupsen/logrus v1.9.3 h1:dueUQJ1C2q9oE3F7wvmSGAaVtTmUizReu6fjN8uqzbQ=
github.com/sirupsen/logrus v1.9.3/go.mod h1:naHLuLoDiP4jHNo9R0sCBMtWGeIprob74mVsIT4qYEQ=
github.com/streadway/amqp v1.1.0 h1:py12A8jXATw4CE4VnR1t9hZ1ZD1TF3F2B7zNQQq8Jw=
github.com/streadway/amqp v1.1.0/go.mod h1:WVknP9YQa4x9uGjJzLj3aOv9gCU2jTmGpT7vEHnUAs=
github.com/stretchr/testify v1.8.4 h1:CcVxjf3Q8pmL5WmrXzOe7vbjvB9xuPd4lHf3gOQI5Q=
github.com/stretchr/testify v1.8.4/go.mod h1:sz/lmYIOXD/1dqDmKjjqLyZ2RngseejIcXlSw2iwfao=
go.uber.org/zap v1.26.0 h1:sI7ok6EE25DrB5JLsYH+GnuVHG/i51AVvV6d7lj4gGoA=
go.uber.org/zap v1.26.0/go.mod h1:ddw8330ZRFOTPEQOYuBLuvSM03+W6YWD6TyZhj3sQJ+4=
golang.org/x/sys v0.13.0 h1:Af8jnKPylFfuWsgNrv5Yz4gtqBw7SIO1wO6+OJnnZ4=
golang.org/x/sys v0.13.0/go.mod h1:oPkhp1MJrh7nUepCBck5+mAzfO9JrbApNNgaTdGDITg=
gopkg.in/natefinch/lumberjack.v2 v2.2.1 h1:bFnlXaun9pS+38Zl3RYmZ3Az8Sgq5QY+4n6KqWvU=
gopkg.in/natefinch/lumberjack.v2 v2.2.1/go.mod h1:YD8tP3GAjkrSCgKdzo7Z7YnXMwc2m3dM/auGJtYVts=
google.golang.org/protobuf v1.31.0 h1:g0LDEJHgrBl9N9r17Ru3SWhMvSBGXVzC+Z+wc6Rd7Je0=
google.golang.org/protobuf v1.31.0/go.mod h1:HV8QOd/L58Z+nl8r43ehVNZIU/HEI6OcFqwMG9pJV4I=